
Microsoft Visual Studio Solution File, Format Version 12.00
# Visual Studio Version 16
VisualStudioVersion = 16.0.32228.343
MinimumVisualStudioVersion = 10.0.40219.1
Project("{9A19103F-16F7-4668-BE54-9A1E7A4F7556}") = "GanttCreator", "GanttCreator\GanttCreator.csproj", "{11F7A82B-0DEF-42CC-8EF6-82EF5BBA1340}"
EndProject
Project("{9A19103F-16F7-4668-BE54-9A1E7A4F7556}") = "Mechavian.GanttControls", "Mechavian.GanttControls\Mechavian.GanttControls.csproj", "{F6DFE824-DF88-46E1-9E87-35B900B098C2}"
EndProject
Project("{FAE04EC0-301F-11D3-BF4B-00C04F79EFBC}") = "Mechavian.WpfHelpers", "Mechavian.WpfHelpers\Mechavian.WpfHelpers.csproj", "{D493BB01-279A-49AB-A79E-92D7627FD177}"
EndProject
Global
	GlobalSection(SolutionConfigurationPlatforms) = preSolution
		Debug|Any CPU = Debug|Any CPU
		Release|Any CPU = Release|Any CPU
	EndGlobalSection
	GlobalSection(ProjectConfigurationPlatforms) = postSolution
		{11F7A82B-0DEF-42CC-8EF6-82EF5BBA1340}.Debug|Any CPU.ActiveCfg = Debug|Any CPU
		{11F7A82B-0DEF-42CC-8EF6-82EF5BBA1340}.Debug|Any CPU.Build.0 = Debug|Any CPU
		{11F7A82B-0DEF-42CC-8EF6-82EF5BBA1340}.Release|Any CPU.ActiveCfg = Release|Any CPU
		{11F7A82B-0DEF-42CC-8EF6-82EF5BBA1340}.Release|Any CPU.Build.0 = Release|Any CPU
		{F6DFE824-DF88-46E1-9E87-35B900B098C2}.Debug|Any CPU.ActiveCfg = Debug|Any CPU
		{F6DFE824-DF88-46E1-9E87-35B900B098C2}.Debug|Any CPU.Build.0 = Debug|Any CPU
		{F6DFE824-DF88-46E1-9E87-35B900B098C2}.Release|Any CPU.ActiveCfg = Release|Any CPU
		{F6DFE824-DF88-46E1-9E87-35B900B098C2}.Release|Any CPU.Build.0 = Release|Any CPU
		{D493BB01-279A-49AB-A79E-92D7627FD177}.Debug|Any CPU.ActiveCfg = Debug|Any CPU
		{D493BB01-279A-49AB-A79E-92D7627FD177}.Debug|Any CPU.Build.0 = Debug|Any CPU
		{D493BB01-279A-49AB-A79E-92D7627FD177}.Release|Any CPU.ActiveCfg = Release|Any CPU
		{D493BB01-279A-49AB-A79E-92D7627FD177}.Release|Any CPU.Build.0 = Release|Any CPU
	EndGlobalSection
	GlobalSection(SolutionProperties) = preSolution
		HideSolutionNode = FALSE
	EndGlobalSection
	GlobalSection(ExtensibilityGlobals) = postSolution
		SolutionGuid = {DE96F8D8-D6AE-4DAA-A64C-CBEB288CC8F9}
	EndGlobalSection
EndGlobal
